
Microsoft Visual Studio Solution File, Format Version 12.00
# Visual Studio Version 17
VisualStudioVersion = 17.9.34902.65
MinimumVisualStudioVersion = 10.0.40219.1
Project("{FAE04EC0-301F-11D3-BF4B-00C04F79EFBC}") = "Dataverse.Samples.VirtualData.Plugins", "Dataverse.Samples.VirtualData.Plugins.csproj", "{EB8F644B-9891-4A96-B5E0-D677B1938DA5}"
EndProject
Global
	GlobalSection(SolutionConfigurationPlatforms) = preSolution
		Debug|Any CPU = Debug|Any CPU
		Release|Any CPU = Release|Any CPU
	EndGlobalSection
	GlobalSection(ProjectConfigurationPlatforms) = postSolution
		{EB8F644B-9891-4A96-B5E0-D677B1938DA5}.Debug|Any CPU.ActiveCfg = Debug|Any CPU
		{EB8F644B-9891-4A96-B5E0-D677B1938DA5}.Debug|Any CPU.Build.0 = Debug|Any CPU
		{EB8F644B-9891-4A96-B5E0-D677B1938DA5}.Release|Any CPU.ActiveCfg = Release|Any CPU
		{EB8F644B-9891-4A96-B5E0-D677B1938DA5}.Release|Any CPU.Build.0 = Release|Any CPU
	EndGlobalSection
	GlobalSection(SolutionProperties) = preSolution
		HideSolutionNode = FALSE
	EndGlobalSection
	GlobalSection(ExtensibilityGlobals) = postSolution
		SolutionGuid = {31BF62A0-9263-435C-953E-1C9EDC357600}
	EndGlobalSection
EndGlobal
